
Microsoft Visual Studio Solution File, Format Version 12.00
# Visual Studio Version 17
VisualStudioVersion = 17.10.35122.118
MinimumVisualStudioVersion = 10.0.40219.1
Project("{9A19103F-16F7-4668-BE54-9A1E7A4F7556}") = "TrafficMonitorAPI.Dtos", "TrafficMonitorAPI.Dtos\TrafficMonitorAPI.Dtos.csproj", "{5567510D-68E5-4C5E-B5B5-705B345D5EDB}"
EndProject
Project("{9A19103F-16F7-4668-BE54-9A1E7A4F7556}") = "TrafficMonitor.Common", "TrafficMonitor.Common\TrafficMonitor.Common.csproj", "{2FE1B8DC-A978-464A-8BDD-402447A1E123}"
EndProject
Project("{9A19103F-16F7-4668-BE54-9A1E7A4F7556}") = "TrafficMonitor.BusinessLayer", "TrafficMonitor.BusinessLayer\TrafficMonitor.BusinessLayer.csproj", "{7AF67FC4-FFB4-449E-B238-3D8E9F45F4F8}"
EndProject
Project("{9A19103F-16F7-4668-BE54-9A1E7A4F7556}") = "TrafficMonitor.API", "TrafficMonitor.API\TrafficMonitor.API.csproj", "{4C573735-E5A9-4E22-AFD5-1BE2C01C2A62}"
EndProject
Project("{FAE04EC0-301F-11D3-BF4B-00C04F79EFBC}") = "TrafficMonitor.Infrastructure", "TrafficMonitor.Infrastructure\TrafficMonitor.Infrastructure.csproj", "{FE682E8C-2B3E-4DDD-85C2-8B45604B6AE2}"
EndProject
Global
	GlobalSection(SolutionConfigurationPlatforms) = preSolution
		Debug|Any CPU = Debug|Any CPU
		Release|Any CPU = Release|Any CPU
	EndGlobalSection
	GlobalSection(ProjectConfigurationPlatforms) = postSolution
		{5567510D-68E5-4C5E-B5B5-705B345D5EDB}.Debug|Any CPU.ActiveCfg = Debug|Any CPU
		{5567510D-68E5-4C5E-B5B5-705B345D5EDB}.Debug|Any CPU.Build.0 = Debug|Any CPU
		{5567510D-68E5-4C5E-B5B5-705B345D5EDB}.Release|Any CPU.ActiveCfg = Release|Any CPU
		{5567510D-68E5-4C5E-B5B5-705B345D5EDB}.Release|Any CPU.Build.0 = Release|Any CPU
		{2FE1B8DC-A978-464A-8BDD-402447A1E123}.Debug|Any CPU.ActiveCfg = Debug|Any CPU
		{2FE1B8DC-A978-464A-8BDD-402447A1E123}.Debug|Any CPU.Build.0 = Debug|Any CPU
		{2FE1B8DC-A978-464A-8BDD-402447A1E123}.Release|Any CPU.ActiveCfg = Release|Any CPU
		{2FE1B8DC-A978-464A-8BDD-402447A1E123}.Release|Any CPU.Build.0 = Release|Any CPU
		{7AF67FC4-FFB4-449E-B238-3D8E9F45F4F8}.Debug|Any CPU.ActiveCfg = Debug|Any CPU
		{7AF67FC4-FFB4-449E-B238-3D8E9F45F4F8}.Debug|Any CPU.Build.0 = Debug|Any CPU
		{7AF67FC4-FFB4-449E-B238-3D8E9F45F4F8}.Release|Any CPU.ActiveCfg = Release|Any CPU
		{7AF67FC4-FFB4-449E-B238-3D8E9F45F4F8}.Release|Any CPU.Build.0 = Release|Any CPU
		{4C573735-E5A9-4E22-AFD5-1BE2C01C2A62}.Debug|Any CPU.ActiveCfg = Debug|Any CPU
		{4C573735-E5A9-4E22-AFD5-1BE2C01C2A62}.Debug|Any CPU.Build.0 = Debug|Any CPU
		{4C573735-E5A9-4E22-AFD5-1BE2C01C2A62}.Release|Any CPU.ActiveCfg = Release|Any CPU
		{4C573735-E5A9-4E22-AFD5-1BE2C01C2A62}.Release|Any CPU.Build.0 = Release|Any CPU
		{FE682E8C-2B3E-4DDD-85C2-8B45604B6AE2}.Debug|Any CPU.ActiveCfg = Debug|Any CPU
		{FE682E8C-2B3E-4DDD-85C2-8B45604B6AE2}.Debug|Any CPU.Build.0 = Debug|Any CPU
		{FE682E8C-2B3E-4DDD-85C2-8B45604B6AE2}.Release|Any CPU.ActiveCfg = Release|Any CPU
		{FE682E8C-2B3E-4DDD-85C2-8B45604B6AE2}.Release|Any CPU.Build.0 = Release|Any CPU
	EndGlobalSection
	GlobalSection(SolutionProperties) = preSolution
		HideSolutionNode = FALSE
	EndGlobalSection
	GlobalSection(ExtensibilityGlobals) = postSolution
		SolutionGuid = {83C13088-EFE8-4BFC-AA67-C547D3CE482B}
	EndGlobalSection
EndGlobal
